
Microsoft Visual Studio Solution File, Format Version 12.00
# Visual Studio 15
VisualStudioVersion = 15.0.26124.0
MinimumVisualStudioVersion = 15.0.26124.0
Project("{2150E333-8FDC-42A3-9474-1A3956D46DE8}") = "src", "src", "{26E5404A-CCDA-448F-8CDE-DFCAAA70FA87}"
EndProject
Project("{FAE04EC0-301F-11D3-BF4B-00C04F79EFBC}") = "Invoices.Api", "src\Invoices.Api\Invoices.Api.csproj", "{4EEB5011-F233-4B88-90B9-858DC6EF31FC}"
EndProject
Project("{FAE04EC0-301F-11D3-BF4B-00C04F79EFBC}") = "Invoices.Core", "src\Invoices.Core\Invoices.Core.csproj", "{7DB45F68-AA6E-4179-A3DB-A2FF67B01F90}"
EndProject
Project("{2150E333-8FDC-42A3-9474-1A3956D46DE8}") = "tests", "tests", "{526B7D32-1B24-4E4B-BC56-22116C3342A3}"
EndProject
Project("{FAE04EC0-301F-11D3-BF4B-00C04F79EFBC}") = "Invoices.Core.Tests", "tests\Invoices.Core.Tests\Invoices.Core.Tests.csproj", "{67BD1906-AC09-493F-A8FC-61807F1A9D8C}"
EndProject
Project("{FAE04EC0-301F-11D3-BF4B-00C04F79EFBC}") = "Invoices.Api.Tests", "tests\Invoices.Api.Tests\Invoices.Api.Tests.csproj", "{C52875AB-30D0-4F0B-88DC-04B52172B01F}"
EndProject
Project("{2150E333-8FDC-42A3-9474-1A3956D46DE8}") = ".config", ".config", "{9A7F6F4E-ECF5-4C41-AE3E-96CE66C59A98}"
ProjectSection(SolutionItems) = preProject
	Directory.Build.props = Directory.Build.props
	dotnet-test.Build.props = dotnet-test.Build.props
	.editorconfig = .editorconfig
	.gitattributes = .gitattributes
	.gitignore = .gitignore
EndProjectSection
EndProject
Project("{FAE04EC0-301F-11D3-BF4B-00C04F79EFBC}") = "Invoices.App", "src\Invoices.App\Invoices.App.csproj", "{36E31CFB-5B38-4598-B1DE-D35E978F1129}"
EndProject
Global
	GlobalSection(SolutionConfigurationPlatforms) = preSolution
		Debug|Any CPU = Debug|Any CPU
		Debug|x64 = Debug|x64
		Debug|x86 = Debug|x86
		Release|Any CPU = Release|Any CPU
		Release|x64 = Release|x64
		Release|x86 = Release|x86
	EndGlobalSection
	GlobalSection(SolutionProperties) = preSolution
		HideSolutionNode = FALSE
	EndGlobalSection
	GlobalSection(ProjectConfigurationPlatforms) = postSolution
		{4EEB5011-F233-4B88-90B9-858DC6EF31FC}.Debug|Any CPU.ActiveCfg = Debug|Any CPU
		{4EEB5011-F233-4B88-90B9-858DC6EF31FC}.Debug|Any CPU.Build.0 = Debug|Any CPU
		{4EEB5011-F233-4B88-90B9-858DC6EF31FC}.Debug|x64.ActiveCfg = Debug|Any CPU
		{4EEB5011-F233-4B88-90B9-858DC6EF31FC}.Debug|x64.Build.0 = Debug|Any CPU
		{4EEB5011-F233-4B88-90B9-858DC6EF31FC}.Debug|x86.ActiveCfg = Debug|Any CPU
		{4EEB5011-F233-4B88-90B9-858DC6EF31FC}.Debug|x86.Build.0 = Debug|Any CPU
		{4EEB5011-F233-4B88-90B9-858DC6EF31FC}.Release|Any CPU.ActiveCfg = Release|Any CPU
		{4EEB5011-F233-4B88-90B9-858DC6EF31FC}.Release|Any CPU.Build.0 = Release|Any CPU
		{4EEB5011-F233-4B88-90B9-858DC6EF31FC}.Release|x64.ActiveCfg = Release|Any CPU
		{4EEB5011-F233-4B88-90B9-858DC6EF31FC}.Release|x64.Build.0 = Release|Any CPU
		{4EEB5011-F233-4B88-90B9-858DC6EF31FC}.Release|x86.ActiveCfg = Release|Any CPU
		{4EEB5011-F233-4B88-90B9-858DC6EF31FC}.Release|x86.Build.0 = Release|Any CPU
		{7DB45F68-AA6E-4179-A3DB-A2FF67B01F90}.Debug|Any CPU.ActiveCfg = Debug|Any CPU
		{7DB45F68-AA6E-4179-A3DB-A2FF67B01F90}.Debug|Any CPU.Build.0 = Debug|Any CPU
		{7DB45F68-AA6E-4179-A3DB-A2FF67B01F90}.Debug|x64.ActiveCfg = Debug|Any CPU
		{7DB45F68-AA6E-4179-A3DB-A2FF67B01F90}.Debug|x64.Build.0 = Debug|Any CPU
		{7DB45F68-AA6E-4179-A3DB-A2FF67B01F90}.Debug|x86.ActiveCfg = Debug|Any CPU
		{7DB45F68-AA6E-4179-A3DB-A2FF67B01F90}.Debug|x86.Build.0 = Debug|Any CPU
		{7DB45F68-AA6E-4179-A3DB-A2FF67B01F90}.Release|Any CPU.ActiveCfg = Release|Any CPU
		{7DB45F68-AA6E-4179-A3DB-A2FF67B01F90}.Release|Any CPU.Build.0 = Release|Any CPU
		{7DB45F68-AA6E-4179-A3DB-A2FF67B01F90}.Release|x64.ActiveCfg = Release|Any CPU
		{7DB45F68-AA6E-4179-A3DB-A2FF67B01F90}.Release|x64.Build.0 = Release|Any CPU
		{7DB45F68-AA6E-4179-A3DB-A2FF67B01F90}.Release|x86.ActiveCfg = Release|Any CPU
		{7DB45F68-AA6E-4179-A3DB-A2FF67B01F90}.Release|x86.Build.0 = Release|Any CPU
		{67BD1906-AC09-493F-A8FC-61807F1A9D8C}.Debug|Any CPU.ActiveCfg = Debug|Any CPU
		{67BD1906-AC09-493F-A8FC-61807F1A9D8C}.Debug|Any CPU.Build.0 = Debug|Any CPU
		{67BD1906-AC09-493F-A8FC-61807F1A9D8C}.Debug|x64.ActiveCfg = Debug|Any CPU
		{67BD1906-AC09-493F-A8FC-61807F1A9D8C}.Debug|x64.Build.0 = Debug|Any CPU
		{67BD1906-AC09-493F-A8FC-61807F1A9D8C}.Debug|x86.ActiveCfg = Debug|Any CPU
		{67BD1906-AC09-493F-A8FC-61807F1A9D8C}.Debug|x86.Build.0 = Debug|Any CPU
		{67BD1906-AC09-493F-A8FC-61807F1A9D8C}.Release|Any CPU.ActiveCfg = Release|Any CPU
		{67BD1906-AC09-493F-A8FC-61807F1A9D8C}.Release|Any CPU.Build.0 = Release|Any CPU
		{67BD1906-AC09-493F-A8FC-61807F1A9D8C}.Release|x64.ActiveCfg = Release|Any CPU
		{67BD1906-AC09-493F-A8FC-61807F1A9D8C}.Release|x64.Build.0 = Release|Any CPU
		{67BD1906-AC09-493F-A8FC-61807F1A9D8C}.Release|x86.ActiveCfg = Release|Any CPU
		{67BD1906-AC09-493F-A8FC-61807F1A9D8C}.Release|x86.Build.0 = Release|Any CPU
		{C52875AB-30D0-4F0B-88DC-04B52172B01F}.Debug|Any CPU.ActiveCfg = Debug|Any CPU
		{C52875AB-30D0-4F0B-88DC-04B52172B01F}.Debug|Any CPU.Build.0 = Debug|Any CPU
		{C52875AB-30D0-4F0B-88DC-04B52172B01F}.Debug|x64.ActiveCfg = Debug|Any CPU
		{C52875AB-30D0-4F0B-88DC-04B52172B01F}.Debug|x64.Build.0 = Debug|Any CPU
		{C52875AB-30D0-4F0B-88DC-04B52172B01F}.Debug|x86.ActiveCfg = Debug|Any CPU
		{C52875AB-30D0-4F0B-88DC-04B52172B01F}.Debug|x86.Build.0 = Debug|Any CPU
		{C52875AB-30D0-4F0B-88DC-04B52172B01F}.Release|Any CPU.ActiveCfg = Release|Any CPU
		{C52875AB-30D0-4F0B-88DC-04B52172B01F}.Release|Any CPU.Build.0 = Release|Any CPU
		{C52875AB-30D0-4F0B-88DC-04B52172B01F}.Release|x64.ActiveCfg = Release|Any CPU
		{C52875AB-30D0-4F0B-88DC-04B52172B01F}.Release|x64.Build.0 = Release|Any CPU
		{C52875AB-30D0-4F0B-88DC-04B52172B01F}.Release|x86.ActiveCfg = Release|Any CPU
		{C52875AB-30D0-4F0B-88DC-04B52172B01F}.Release|x86.Build.0 = Release|Any CPU
		{36E31CFB-5B38-4598-B1DE-D35E978F1129}.Debug|Any CPU.ActiveCfg = Debug|Any CPU
		{36E31CFB-5B38-4598-B1DE-D35E978F1129}.Debug|Any CPU.Build.0 = Debug|Any CPU
		{36E31CFB-5B38-4598-B1DE-D35E978F1129}.Debug|x64.ActiveCfg = Debug|Any CPU
		{36E31CFB-5B38-4598-B1DE-D35E978F1129}.Debug|x64.Build.0 = Debug|Any CPU
		{36E31CFB-5B38-4598-B1DE-D35E978F1129}.Debug|x86.ActiveCfg = Debug|Any CPU
		{36E31CFB-5B38-4598-B1DE-D35E978F1129}.Debug|x86.Build.0 = Debug|Any CPU
		{36E31CFB-5B38-4598-B1DE-D35E978F1129}.Release|Any CPU.ActiveCfg = Release|Any CPU
		{36E31CFB-5B38-4598-B1DE-D35E978F1129}.Release|Any CPU.Build.0 = Release|Any CPU
		{36E31CFB-5B38-4598-B1DE-D35E978F1129}.Release|x64.ActiveCfg = Release|Any CPU
		{36E31CFB-5B38-4598-B1DE-D35E978F1129}.Release|x64.Build.0 = Release|Any CPU
		{36E31CFB-5B38-4598-B1DE-D35E978F1129}.Release|x86.ActiveCfg = Release|Any CPU
		{36E31CFB-5B38-4598-B1DE-D35E978F1129}.Release|x86.Build.0 = Release|Any CPU
	EndGlobalSection
	GlobalSection(NestedProjects) = preSolution
		{4EEB5011-F233-4B88-90B9-858DC6EF31FC} = {26E5404A-CCDA-448F-8CDE-DFCAAA70FA87}
		{7DB45F68-AA6E-4179-A3DB-A2FF67B01F90} = {26E5404A-CCDA-448F-8CDE-DFCAAA70FA87}
		{67BD1906-AC09-493F-A8FC-61807F1A9D8C} = {526B7D32-1B24-4E4B-BC56-22116C3342A3}
		{C52875AB-30D0-4F0B-88DC-04B52172B01F} = {526B7D32-1B24-4E4B-BC56-22116C3342A3}
		{36E31CFB-5B38-4598-B1DE-D35E978F1129} = {26E5404A-CCDA-448F-8CDE-DFCAAA70FA87}
	EndGlobalSection
EndGlobal
